
Microsoft Visual Studio Solution File, Format Version 12.00
# Visual Studio 2013
VisualStudioVersion = 12.0.31101.0
MinimumVisualStudioVersion = 10.0.40219.1
Project("{8BC9CEB8-8B4A-11D0-8D11-00A0C91BC942}") = "stminterface", "stminterface.vcxproj", "{7C755405-C755-473A-8BB4-A35E404521C5}"
EndProject
Project("{8BC9CEB8-8B4A-11D0-8D11-00A0C91BC942}") = "glminterface", "glminterface.vcxproj", "{D5828245-D35A-4083-8D5B-FF1633B9C721}"
EndProject
Project("{8BC9CEB8-8B4A-11D0-8D11-00A0C91BC942}") = "mcgsminterface", "mcgsminterface.vcxproj", "{0A3D62B4-F823-4041-B126-109083F0507D}"
EndProject
Global
	GlobalSection(SolutionConfigurationPlatforms) = preSolution
		Debug|Win32 = Debug|Win32
		Debug|x64 = Debug|x64
		Release|Win32 = Release|Win32
		Release|x64 = Release|x64
	EndGlobalSection
	GlobalSection(ProjectConfigurationPlatforms) = postSolution
		{7C755405-C755-473A-8BB4-A35E404521C5}.Debug|Win32.ActiveCfg = Release|Win32
		{7C755405-C755-473A-8BB4-A35E404521C5}.Debug|Win32.Build.0 = Release|Win32
		{7C755405-C755-473A-8BB4-A35E404521C5}.Debug|x64.ActiveCfg = Release|x64
		{7C755405-C755-473A-8BB4-A35E404521C5}.Debug|x64.Build.0 = Release|x64
		{7C755405-C755-473A-8BB4-A35E404521C5}.Release|Win32.ActiveCfg = Release|Win32
		{7C755405-C755-473A-8BB4-A35E404521C5}.Release|Win32.Build.0 = Release|Win32
		{7C755405-C755-473A-8BB4-A35E404521C5}.Release|x64.ActiveCfg = Release|x64
		{7C755405-C755-473A-8BB4-A35E404521C5}.Release|x64.Build.0 = Release|x64
		{D5828245-D35A-4083-8D5B-FF1633B9C721}.Debug|Win32.ActiveCfg = Release|Win32
		{D5828245-D35A-4083-8D5B-FF1633B9C721}.Debug|Win32.Build.0 = Release|Win32
		{D5828245-D35A-4083-8D5B-FF1633B9C721}.Debug|x64.ActiveCfg = Release|x64
		{D5828245-D35A-4083-8D5B-FF1633B9C721}.Debug|x64.Build.0 = Release|x64
		{D5828245-D35A-4083-8D5B-FF1633B9C721}.Release|Win32.ActiveCfg = Release|Win32
		{D5828245-D35A-4083-8D5B-FF1633B9C721}.Release|Win32.Build.0 = Release|Win32
		{D5828245-D35A-4083-8D5B-FF1633B9C721}.Release|x64.ActiveCfg = Release|x64
		{D5828245-D35A-4083-8D5B-FF1633B9C721}.Release|x64.Build.0 = Release|x64
		{0A3D62B4-F823-4041-B126-109083F0507D}.Debug|Win32.ActiveCfg = Release|Win32
		{0A3D62B4-F823-4041-B126-109083F0507D}.Debug|Win32.Build.0 = Release|Win32
		{0A3D62B4-F823-4041-B126-109083F0507D}.Debug|x64.ActiveCfg = Release|x64
		{0A3D62B4-F823-4041-B126-109083F0507D}.Debug|x64.Build.0 = Release|x64
		{0A3D62B4-F823-4041-B126-109083F0507D}.Release|Win32.ActiveCfg = Release|Win32
		{0A3D62B4-F823-4041-B126-109083F0507D}.Release|Win32.Build.0 = Release|Win32
		{0A3D62B4-F823-4041-B126-109083F0507D}.Release|x64.ActiveCfg = Release|x64
		{0A3D62B4-F823-4041-B126-109083F0507D}.Release|x64.Build.0 = Release|x64
	EndGlobalSection
	GlobalSection(SolutionProperties) = preSolution
		HideSolutionNode = FALSE
	EndGlobalSection
EndGlobal
