// !$*UTF8*$!
{
	archiveVersion = 1;
	classes = {
	};
	objectVersion = 46;
	objects = {

/* Begin PBXBuildFile section */
		5C08D751199E5346001144E7 /* stminterface.mexmaci64 in CopyFiles */ = {isa = PBXBuildFile; fileRef = 5CD9F80E199E3D1600F7E6FB /* stminterface.mexmaci64 */; };
		5C08D753199EB931001144E7 /* mexdata.cpp in Sources */ = {isa = PBXBuildFile; fileRef = 5C08D752199EB931001144E7 /* mexdata.cpp */; };
		5C8F3EBD199E3FE0000A099E /* whiteningtransform.cpp in Sources */ = {isa = PBXBuildFile; fileRef = 5C8F3EA5199E3FE0000A099E /* whiteningtransform.cpp */; };
		5C8F3EBE199E3FE0000A099E /* whiteningpreconditioner.cpp in Sources */ = {isa = PBXBuildFile; fileRef = 5C8F3EA6199E3FE0000A099E /* whiteningpreconditioner.cpp */; };
		5C8F3EBF199E3FE0000A099E /* utils.cpp in Sources */ = {isa = PBXBuildFile; fileRef = 5C8F3EA7199E3FE0000A099E /* utils.cpp */; };
		5C8F3EC0199E3FE0000A099E /* univariatedistributions.cpp in Sources */ = {isa = PBXBuildFile; fileRef = 5C8F3EA8199E3FE0000A099E /* univariatedistributions.cpp */; };
		5C8F3EC1199E3FE0000A099E /* trainable.cpp in Sources */ = {isa = PBXBuildFile; fileRef = 5C8F3EA9199E3FE0000A099E /* trainable.cpp */; };
		5C8F3EC2199E3FE0000A099E /* tools.cpp in Sources */ = {isa = PBXBuildFile; fileRef = 5C8F3EAA199E3FE0000A099E /* tools.cpp */; };
		5C8F3EC3199E3FE0000A099E /* stm.cpp in Sources */ = {isa = PBXBuildFile; fileRef = 5C8F3EAB199E3FE0000A099E /* stm.cpp */; };
		5C8F3EC4199E3FE0000A099E /* regularizer.cpp in Sources */ = {isa = PBXBuildFile; fileRef = 5C8F3EAC199E3FE0000A099E /* regularizer.cpp */; };
		5C8F3EC5199E3FE0000A099E /* preconditioner.cpp in Sources */ = {isa = PBXBuildFile; fileRef = 5C8F3EAD199E3FE0000A099E /* preconditioner.cpp */; };
		5C8F3EC6199E3FE0000A099E /* pcatransform.cpp in Sources */ = {isa = PBXBuildFile; fileRef = 5C8F3EAE199E3FE0000A099E /* pcatransform.cpp */; };
		5C8F3EC7199E3FE0000A099E /* pcapreconditioner.cpp in Sources */ = {isa = PBXBuildFile; fileRef = 5C8F3EAF199E3FE0000A099E /* pcapreconditioner.cpp */; };
		5C8F3EC8199E3FE0000A099E /* patchmodel.cpp in Sources */ = {isa = PBXBuildFile; fileRef = 5C8F3EB0199E3FE0000A099E /* patchmodel.cpp */; };
		5C8F3EC9199E3FE0000A099E /* nonlinearities.cpp in Sources */ = {isa = PBXBuildFile; fileRef = 5C8F3EB1199E3FE0000A099E /* nonlinearities.cpp */; };
		5C8F3ECA199E3FE0000A099E /* mlr.cpp in Sources */ = {isa = PBXBuildFile; fileRef = 5C8F3EB2199E3FE0000A099E /* mlr.cpp */; };
		5C8F3ECB199E3FE0000A099E /* mixture.cpp in Sources */ = {isa = PBXBuildFile; fileRef = 5C8F3EB3199E3FE0000A099E /* mixture.cpp */; };
		5C8F3ECC199E3FE0000A099E /* mcgsm.cpp in Sources */ = {isa = PBXBuildFile; fileRef = 5C8F3EB4199E3FE0000A099E /* mcgsm.cpp */; };
		5C8F3ECD199E3FE0000A099E /* mcbm.cpp in Sources */ = {isa = PBXBuildFile; fileRef = 5C8F3EB5199E3FE0000A099E /* mcbm.cpp */; };
		5C8F3ECE199E3FE0000A099E /* gsm.cpp in Sources */ = {isa = PBXBuildFile; fileRef = 5C8F3EB6199E3FE0000A099E /* gsm.cpp */; };
		5C8F3ECF199E3FE0000A099E /* glm.cpp in Sources */ = {isa = PBXBuildFile; fileRef = 5C8F3EB7199E3FE0000A099E /* glm.cpp */; };
		5C8F3ED0199E3FE0000A099E /* distribution.cpp in Sources */ = {isa = PBXBuildFile; fileRef = 5C8F3EB8199E3FE0000A099E /* distribution.cpp */; };
		5C8F3ED1199E3FE0000A099E /* conditionaldistribution.cpp in Sources */ = {isa = PBXBuildFile; fileRef = 5C8F3EB9199E3FE0000A099E /* conditionaldistribution.cpp */; };
		5C8F3ED2199E3FE0000A099E /* binningtransform.cpp in Sources */ = {isa = PBXBuildFile; fileRef = 5C8F3EBA199E3FE0000A099E /* binningtransform.cpp */; };
		5C8F3ED3199E3FE0000A099E /* affinetransform.cpp in Sources */ = {isa = PBXBuildFile; fileRef = 5C8F3EBB199E3FE0000A099E /* affinetransform.cpp */; };
		5C8F3ED4199E3FE0000A099E /* affinepreconditioner.cpp in Sources */ = {isa = PBXBuildFile; fileRef = 5C8F3EBC199E3FE0000A099E /* affinepreconditioner.cpp */; };
		5C8F3EDC199E3FEF000A099E /* trainableinterface.cpp in Sources */ = {isa = PBXBuildFile; fileRef = 5C8F3ED5199E3FEF000A099E /* trainableinterface.cpp */; };
		5C8F3EDD199E3FEF000A099E /* stminterface.cpp in Sources */ = {isa = PBXBuildFile; fileRef = 5C8F3ED6199E3FEF000A099E /* stminterface.cpp */; };
		5C8F3EDE199E3FEF000A099E /* mexoutput.cpp in Sources */ = {isa = PBXBuildFile; fileRef = 5C8F3ED7199E3FEF000A099E /* mexoutput.cpp */; };
		5C8F3EDF199E3FEF000A099E /* mexinput.cpp in Sources */ = {isa = PBXBuildFile; fileRef = 5C8F3ED8199E3FEF000A099E /* mexinput.cpp */; };
		5C8F3EE1199E3FEF000A099E /* conditionaldistributioninterface.cpp in Sources */ = {isa = PBXBuildFile; fileRef = 5C8F3EDA199E3FEF000A099E /* conditionaldistributioninterface.cpp */; };
		5C8F3EE2199E3FEF000A099E /* callbackinterface.cpp in Sources */ = {isa = PBXBuildFile; fileRef = 5C8F3EDB199E3FEF000A099E /* callbackinterface.cpp */; };
/* End PBXBuildFile section */

/* Begin PBXCopyFilesBuildPhase section */
		5C08D729199E5023001144E7 /* CopyFiles */ = {
			isa = PBXCopyFilesBuildPhase;
			buildActionMask = 12;
			dstPath = "$(SRCROOT)/../../../distribute/+cmt";
			dstSubfolderSpec = 0;
			files = (
				5C08D751199E5346001144E7 /* stminterface.mexmaci64 in CopyFiles */,
			);
			runOnlyForDeploymentPostprocessing = 0;
		};
/* End PBXCopyFilesBuildPhase section */

/* Begin PBXFileReference section */
		5C08D752199EB931001144E7 /* mexdata.cpp */ = {isa = PBXFileReference; fileEncoding = 4; lastKnownFileType = sourcecode.cpp.cpp; name = mexdata.cpp; path = src/mexdata.cpp; sourceTree = "<group>"; };
		5C8F3EA4199E3FD1000A099E /* mex.xcconfig */ = {isa = PBXFileReference; fileEncoding = 4; lastKnownFileType = text.xcconfig; path = mex.xcconfig; sourceTree = "<group>"; };
		5C8F3EA5199E3FE0000A099E /* whiteningtransform.cpp */ = {isa = PBXFileReference; fileEncoding = 4; lastKnownFileType = sourcecode.cpp.cpp; name = whiteningtransform.cpp; path = ../src/whiteningtransform.cpp; sourceTree = "<group>"; };
		5C8F3EA6199E3FE0000A099E /* whiteningpreconditioner.cpp */ = {isa = PBXFileReference; fileEncoding = 4; lastKnownFileType = sourcecode.cpp.cpp; name = whiteningpreconditioner.cpp; path = ../src/whiteningpreconditioner.cpp; sourceTree = "<group>"; };
		5C8F3EA7199E3FE0000A099E /* utils.cpp */ = {isa = PBXFileReference; fileEncoding = 4; lastKnownFileType = sourcecode.cpp.cpp; name = utils.cpp; path = ../src/utils.cpp; sourceTree = "<group>"; };
		5C8F3EA8199E3FE0000A099E /* univariatedistributions.cpp */ = {isa = PBXFileReference; fileEncoding = 4; lastKnownFileType = sourcecode.cpp.cpp; name = univariatedistributions.cpp; path = ../src/univariatedistributions.cpp; sourceTree = "<group>"; };
		5C8F3EA9199E3FE0000A099E /* trainable.cpp */ = {isa = PBXFileReference; fileEncoding = 4; lastKnownFileType = sourcecode.cpp.cpp; name = trainable.cpp; path = ../src/trainable.cpp; sourceTree = "<group>"; };
		5C8F3EAA199E3FE0000A099E /* tools.cpp */ = {isa = PBXFileReference; fileEncoding = 4; lastKnownFileType = sourcecode.cpp.cpp; name = tools.cpp; path = ../src/tools.cpp; sourceTree = "<group>"; };
		5C8F3EAB199E3FE0000A099E /* stm.cpp */ = {isa = PBXFileReference; fileEncoding = 4; lastKnownFileType = sourcecode.cpp.cpp; name = stm.cpp; path = ../src/stm.cpp; sourceTree = "<group>"; };
		5C8F3EAC199E3FE0000A099E /* regularizer.cpp */ = {isa = PBXFileReference; fileEncoding = 4; lastKnownFileType = sourcecode.cpp.cpp; name = regularizer.cpp; path = ../src/regularizer.cpp; sourceTree = "<group>"; };
		5C8F3EAD199E3FE0000A099E /* preconditioner.cpp */ = {isa = PBXFileReference; fileEncoding = 4; lastKnownFileType = sourcecode.cpp.cpp; name = preconditioner.cpp; path = ../src/preconditioner.cpp; sourceTree = "<group>"; };
		5C8F3EAE199E3FE0000A099E /* pcatransform.cpp */ = {isa = PBXFileReference; fileEncoding = 4; lastKnownFileType = sourcecode.cpp.cpp; name = pcatransform.cpp; path = ../src/pcatransform.cpp; sourceTree = "<group>"; };
		5C8F3EAF199E3FE0000A099E /* pcapreconditioner.cpp */ = {isa = PBXFileReference; fileEncoding = 4; lastKnownFileType = sourcecode.cpp.cpp; name = pcapreconditioner.cpp; path = ../src/pcapreconditioner.cpp; sourceTree = "<group>"; };
		5C8F3EB0199E3FE0000A099E /* patchmodel.cpp */ = {isa = PBXFileReference; fileEncoding = 4; lastKnownFileType = sourcecode.cpp.cpp; name = patchmodel.cpp; path = ../src/patchmodel.cpp; sourceTree = "<group>"; };
		5C8F3EB1199E3FE0000A099E /* nonlinearities.cpp */ = {isa = PBXFileReference; fileEncoding = 4; lastKnownFileType = sourcecode.cpp.cpp; name = nonlinearities.cpp; path = ../src/nonlinearities.cpp; sourceTree = "<group>"; };
		5C8F3EB2199E3FE0000A099E /* mlr.cpp */ = {isa = PBXFileReference; fileEncoding = 4; lastKnownFileType = sourcecode.cpp.cpp; name = mlr.cpp; path = ../src/mlr.cpp; sourceTree = "<group>"; };
		5C8F3EB3199E3FE0000A099E /* mixture.cpp */ = {isa = PBXFileReference; fileEncoding = 4; lastKnownFileType = sourcecode.cpp.cpp; name = mixture.cpp; path = ../src/mixture.cpp; sourceTree = "<group>"; };
		5C8F3EB4199E3FE0000A099E /* mcgsm.cpp */ = {isa = PBXFileReference; fileEncoding = 4; lastKnownFileType = sourcecode.cpp.cpp; name = mcgsm.cpp; path = ../src/mcgsm.cpp; sourceTree = "<group>"; };
		5C8F3EB5199E3FE0000A099E /* mcbm.cpp */ = {isa = PBXFileReference; fileEncoding = 4; lastKnownFileType = sourcecode.cpp.cpp; name = mcbm.cpp; path = ../src/mcbm.cpp; sourceTree = "<group>"; };
		5C8F3EB6199E3FE0000A099E /* gsm.cpp */ = {isa = PBXFileReference; fileEncoding = 4; lastKnownFileType = sourcecode.cpp.cpp; name = gsm.cpp; path = ../src/gsm.cpp; sourceTree = "<group>"; };
		5C8F3EB7199E3FE0000A099E /* glm.cpp */ = {isa = PBXFileReference; fileEncoding = 4; lastKnownFileType = sourcecode.cpp.cpp; name = glm.cpp; path = ../src/glm.cpp; sourceTree = "<group>"; };
		5C8F3EB8199E3FE0000A099E /* distribution.cpp */ = {isa = PBXFileReference; fileEncoding = 4; lastKnownFileType = sourcecode.cpp.cpp; name = distribution.cpp; path = ../src/distribution.cpp; sourceTree = "<group>"; };
		5C8F3EB9199E3FE0000A099E /* conditionaldistribution.cpp */ = {isa = PBXFileReference; fileEncoding = 4; lastKnownFileType = sourcecode.cpp.cpp; name = conditionaldistribution.cpp; path = ../src/conditionaldistribution.cpp; sourceTree = "<group>"; };
		5C8F3EBA199E3FE0000A099E /* binningtransform.cpp */ = {isa = PBXFileReference; fileEncoding = 4; lastKnownFileType = sourcecode.cpp.cpp; name = binningtransform.cpp; path = ../src/binningtransform.cpp; sourceTree = "<group>"; };
		5C8F3EBB199E3FE0000A099E /* affinetransform.cpp */ = {isa = PBXFileReference; fileEncoding = 4; lastKnownFileType = sourcecode.cpp.cpp; name = affinetransform.cpp; path = ../src/affinetransform.cpp; sourceTree = "<group>"; };
		5C8F3EBC199E3FE0000A099E /* affinepreconditioner.cpp */ = {isa = PBXFileReference; fileEncoding = 4; lastKnownFileType = sourcecode.cpp.cpp; name = affinepreconditioner.cpp; path = ../src/affinepreconditioner.cpp; sourceTree = "<group>"; };
		5C8F3ED5199E3FEF000A099E /* trainableinterface.cpp */ = {isa = PBXFileReference; fileEncoding = 4; lastKnownFileType = sourcecode.cpp.cpp; name = trainableinterface.cpp; path = src/trainableinterface.cpp; sourceTree = "<group>"; };
		5C8F3ED6199E3FEF000A099E /* stminterface.cpp */ = {isa = PBXFileReference; fileEncoding = 4; lastKnownFileType = sourcecode.cpp.cpp; name = stminterface.cpp; path = src/stminterface.cpp; sourceTree = "<group>"; };
		5C8F3ED7199E3FEF000A099E /* mexoutput.cpp */ = {isa = PBXFileReference; fileEncoding = 4; lastKnownFileType = sourcecode.cpp.cpp; name = mexoutput.cpp; path = src/mexoutput.cpp; sourceTree = "<group>"; };
		5C8F3ED8199E3FEF000A099E /* mexinput.cpp */ = {isa = PBXFileReference; fileEncoding = 4; lastKnownFileType = sourcecode.cpp.cpp; name = mexinput.cpp; path = src/mexinput.cpp; sourceTree = "<group>"; };
		5C8F3ED9199E3FEF000A099E /* glminterface.cpp */ = {isa = PBXFileReference; fileEncoding = 4; lastKnownFileType = sourcecode.cpp.cpp; name = glminterface.cpp; path = src/glminterface.cpp; sourceTree = "<group>"; };
		5C8F3EDA199E3FEF000A099E /* conditionaldistributioninterface.cpp */ = {isa = PBXFileReference; fileEncoding = 4; lastKnownFileType = sourcecode.cpp.cpp; name = conditionaldistributioninterface.cpp; path = src/conditionaldistributioninterface.cpp; sourceTree = "<group>"; };
		5C8F3EDB199E3FEF000A099E /* callbackinterface.cpp */ = {isa = PBXFileReference; fileEncoding = 4; lastKnownFileType = sourcecode.cpp.cpp; name = callbackinterface.cpp; path = src/callbackinterface.cpp; sourceTree = "<group>"; };
		5CD9F80E199E3D1600F7E6FB /* stminterface.mexmaci64 */ = {isa = PBXFileReference; explicitFileType = "compiled.mach-o.dylib"; includeInIndex = 0; path = stminterface.mexmaci64; sourceTree = BUILT_PRODUCTS_DIR; };
/* End PBXFileReference section */

/* Begin PBXGroup section */
		5CD9F7F0199E3BD100F7E6FB = {
			isa = PBXGroup;
			children = (
				5CD9F845199E3DA500F7E6FB /* cmt */,
				5CD9F814199E3D8300F7E6FB /* interface */,
				5CD9F80F199E3D1600F7E6FB /* stiminterface */,
				5CD9F7F8199E3BD100F7E6FB /* Products */,
				5C8F3EA4199E3FD1000A099E /* mex.xcconfig */,
			);
			sourceTree = "<group>";
		};
		5CD9F7F8199E3BD100F7E6FB /* Products */ = {
			isa = PBXGroup;
			children = (
				5CD9F80E199E3D1600F7E6FB /* stminterface.mexmaci64 */,
			);
			name = Products;
			sourceTree = "<group>";
		};
		5CD9F80F199E3D1600F7E6FB /* stiminterface */ = {
			isa = PBXGroup;
			children = (
			);
			path = stiminterface;
			sourceTree = "<group>";
		};
		5CD9F814199E3D8300F7E6FB /* interface */ = {
			isa = PBXGroup;
			children = (
				5C08D752199EB931001144E7 /* mexdata.cpp */,
				5C8F3ED5199E3FEF000A099E /* trainableinterface.cpp */,
				5C8F3ED6199E3FEF000A099E /* stminterface.cpp */,
				5C8F3ED7199E3FEF000A099E /* mexoutput.cpp */,
				5C8F3ED8199E3FEF000A099E /* mexinput.cpp */,
				5C8F3ED9199E3FEF000A099E /* glminterface.cpp */,
				5C8F3EDA199E3FEF000A099E /* conditionaldistributioninterface.cpp */,
				5C8F3EDB199E3FEF000A099E /* callbackinterface.cpp */,
			);
			name = interface;
			sourceTree = "<group>";
		};
		5CD9F845199E3DA500F7E6FB /* cmt */ = {
			isa = PBXGroup;
			children = (
				5C8F3EA5199E3FE0000A099E /* whiteningtransform.cpp */,
				5C8F3EA6199E3FE0000A099E /* whiteningpreconditioner.cpp */,
				5C8F3EA7199E3FE0000A099E /* utils.cpp */,
				5C8F3EA8199E3FE0000A099E /* univariatedistributions.cpp */,
				5C8F3EA9199E3FE0000A099E /* trainable.cpp */,
				5C8F3EAA199E3FE0000A099E /* tools.cpp */,
				5C8F3EAB199E3FE0000A099E /* stm.cpp */,
				5C8F3EAC199E3FE0000A099E /* regularizer.cpp */,
				5C8F3EAD199E3FE0000A099E /* preconditioner.cpp */,
				5C8F3EAE199E3FE0000A099E /* pcatransform.cpp */,
				5C8F3EAF199E3FE0000A099E /* pcapreconditioner.cpp */,
				5C8F3EB0199E3FE0000A099E /* patchmodel.cpp */,
				5C8F3EB1199E3FE0000A099E /* nonlinearities.cpp */,
				5C8F3EB2199E3FE0000A099E /* mlr.cpp */,
				5C8F3EB3199E3FE0000A099E /* mixture.cpp */,
				5C8F3EB4199E3FE0000A099E /* mcgsm.cpp */,
				5C8F3EB5199E3FE0000A099E /* mcbm.cpp */,
				5C8F3EB6199E3FE0000A099E /* gsm.cpp */,
				5C8F3EB7199E3FE0000A099E /* glm.cpp */,
				5C8F3EB8199E3FE0000A099E /* distribution.cpp */,
				5C8F3EB9199E3FE0000A099E /* conditionaldistribution.cpp */,
				5C8F3EBA199E3FE0000A099E /* binningtransform.cpp */,
				5C8F3EBB199E3FE0000A099E /* affinetransform.cpp */,
				5C8F3EBC199E3FE0000A099E /* affinepreconditioner.cpp */,
			);
			name = cmt;
			sourceTree = "<group>";
		};
/* End PBXGroup section */

/* Begin PBXNativeTarget section */
		5CD9F80D199E3D1600F7E6FB /* stminterface */ = {
			isa = PBXNativeTarget;
			buildConfigurationList = 5CD9F811199E3D1600F7E6FB /* Build configuration list for PBXNativeTarget "stminterface" */;
			buildPhases = (
				5CD9F80C199E3D1600F7E6FB /* Sources */,
				5C08D729199E5023001144E7 /* CopyFiles */,
			);
			buildRules = (
			);
			dependencies = (
			);
			name = stminterface;
			productName = stiminterface;
			productReference = 5CD9F80E199E3D1600F7E6FB /* stminterface.mexmaci64 */;
			productType = "com.apple.product-type.library.dynamic";
		};
/* End PBXNativeTarget section */

/* Begin PBXProject section */
		5CD9F7F1199E3BD100F7E6FB /* Project object */ = {
			isa = PBXProject;
			attributes = {
				LastUpgradeCheck = 0510;
			};
			buildConfigurationList = 5CD9F7F4199E3BD100F7E6FB /* Build configuration list for PBXProject "mex" */;
			compatibilityVersion = "Xcode 3.2";
			developmentRegion = English;
			hasScannedForEncodings = 0;
			knownRegions = (
				en,
			);
			mainGroup = 5CD9F7F0199E3BD100F7E6FB;
			productRefGroup = 5CD9F7F8199E3BD100F7E6FB /* Products */;
			projectDirPath = "";
			projectRoot = "";
			targets = (
				5CD9F80D199E3D1600F7E6FB /* stminterface */,
			);
		};
/* End PBXProject section */

/* Begin PBXSourcesBuildPhase section */
		5CD9F80C199E3D1600F7E6FB /* Sources */ = {
			isa = PBXSourcesBuildPhase;
			buildActionMask = 2147483647;
			files = (
				5C8F3ED2199E3FE0000A099E /* binningtransform.cpp in Sources */,
				5C8F3EC8199E3FE0000A099E /* patchmodel.cpp in Sources */,
				5C8F3ED0199E3FE0000A099E /* distribution.cpp in Sources */,
				5C8F3ECC199E3FE0000A099E /* mcgsm.cpp in Sources */,
				5C8F3ECB199E3FE0000A099E /* mixture.cpp in Sources */,
				5C8F3EDC199E3FEF000A099E /* trainableinterface.cpp in Sources */,
				5C8F3EC1199E3FE0000A099E /* trainable.cpp in Sources */,
				5C8F3EBF199E3FE0000A099E /* utils.cpp in Sources */,
				5C8F3EDD199E3FEF000A099E /* stminterface.cpp in Sources */,
				5C8F3EBE199E3FE0000A099E /* whiteningpreconditioner.cpp in Sources */,
				5C8F3EC9199E3FE0000A099E /* nonlinearities.cpp in Sources */,
				5C8F3EC6199E3FE0000A099E /* pcatransform.cpp in Sources */,
				5C8F3EDE199E3FEF000A099E /* mexoutput.cpp in Sources */,
				5C8F3EC5199E3FE0000A099E /* preconditioner.cpp in Sources */,
				5C8F3ECE199E3FE0000A099E /* gsm.cpp in Sources */,
				5C8F3EDF199E3FEF000A099E /* mexinput.cpp in Sources */,
				5C8F3EBD199E3FE0000A099E /* whiteningtransform.cpp in Sources */,
				5C8F3EC4199E3FE0000A099E /* regularizer.cpp in Sources */,
				5C8F3ECA199E3FE0000A099E /* mlr.cpp in Sources */,
				5C8F3EC0199E3FE0000A099E /* univariatedistributions.cpp in Sources */,
				5C8F3EC2199E3FE0000A099E /* tools.cpp in Sources */,
				5C8F3ECF199E3FE0000A099E /* glm.cpp in Sources */,
				5C08D753199EB931001144E7 /* mexdata.cpp in Sources */,
				5C8F3EE2199E3FEF000A099E /* callbackinterface.cpp in Sources */,
				5C8F3EC3199E3FE0000A099E /* stm.cpp in Sources */,
				5C8F3EC7199E3FE0000A099E /* pcapreconditioner.cpp in Sources */,
				5C8F3ED3199E3FE0000A099E /* affinetransform.cpp in Sources */,
				5C8F3EE1199E3FEF000A099E /* conditionaldistributioninterface.cpp in Sources */,
				5C8F3ED1199E3FE0000A099E /* conditionaldistribution.cpp in Sources */,
				5C8F3ECD199E3FE0000A099E /* mcbm.cpp in Sources */,
				5C8F3ED4199E3FE0000A099E /* affinepreconditioner.cpp in Sources */,
			);
			runOnlyForDeploymentPostprocessing = 0;
		};
/* End PBXSourcesBuildPhase section */

/* Begin XCBuildConfiguration section */
		5CD9F7FB199E3BD100F7E6FB /* Debug */ = {
			isa = XCBuildConfiguration;
			buildSettings = {
				GCC_ENABLE_OBJC_EXCEPTIONS = YES;
				HEADER_SEARCH_PATHS = (
					"$(inherited)",
					/Applications/Xcode.app/Contents/Developer/Toolchains/XcodeDefault.xctoolchain/usr/include,
					./include,
					../include,
					../../liblbfgs/include,
					../..,
					"$(MATLABROOT)/extern/include",
				);
				MACOSX_DEPLOYMENT_TARGET = 10.9;
				ONLY_ACTIVE_ARCH = YES;
				SDKROOT = macosx;
			};
			name = Debug;
		};
		5CD9F7FC199E3BD100F7E6FB /* Release */ = {
			isa = XCBuildConfiguration;
			buildSettings = {
				DEBUG_INFORMATION_FORMAT = "dwarf-with-dsym";
				GCC_ENABLE_OBJC_EXCEPTIONS = YES;
				MACOSX_DEPLOYMENT_TARGET = 10.9;
				SDKROOT = macosx;
			};
			name = Release;
		};
		5CD9F812199E3D1600F7E6FB /* Debug */ = {
			isa = XCBuildConfiguration;
			baseConfigurationReference = 5C8F3EA4199E3FD1000A099E /* mex.xcconfig */;
			buildSettings = {
				CLANG_CXX_LANGUAGE_STANDARD = "c++0x";
				CLANG_CXX_LIBRARY = "libc++";
				CONFIGURATION_BUILD_DIR = "$(SYMROOT)";
				DEBUG_INFORMATION_FORMAT = "dwarf-with-dsym";
				DYLIB_COMPATIBILITY_VERSION = "";
				DYLIB_CURRENT_VERSION = "";
				EXECUTABLE_EXTENSION = mexmaci64;
				GCC_C_LANGUAGE_STANDARD = "compiler-default";
				GCC_VERSION = "";
				HEADER_SEARCH_PATHS = (
					"$(MATLABROOT)/extern/include",
					./include,
					../include,
					../../liblbfgs/include,
					../..,
				);
				LIBRARY_SEARCH_PATHS = (
					"$(MATLABROOT)/bin/maci64",
					../../liblbfgs/lib/.libs,
				);
				MACH_O_TYPE = mh_bundle;
				MACOSX_DEPLOYMENT_TARGET = 10.8;
				OTHER_LDFLAGS = (
					"-lmx",
					"-lmex",
					"-lmat",
					"-llbfgs",
				);
				PRODUCT_NAME = "$(TARGET_NAME)";
				SYMROOT = "$(SRCROOT)/build/$(CONFIGURATION)";
				VALID_ARCHS = x86_64;
			};
			name = Debug;
		};
		5CD9F813199E3D1600F7E6FB /* Release */ = {
			isa = XCBuildConfiguration;
			buildSettings = {
				CLANG_CXX_LANGUAGE_STANDARD = "c++0x";
				CLANG_CXX_LIBRARY = "libc++";
				CONFIGURATION_BUILD_DIR = "$(SYMROOT)";
				DYLIB_COMPATIBILITY_VERSION = "";
				DYLIB_CURRENT_VERSION = "";
				EXECUTABLE_EXTENSION = mexmaci64;
				GCC_C_LANGUAGE_STANDARD = "compiler-default";
				HEADER_SEARCH_PATHS = (
					"$(MATLABROOT)/extern/include",
					./include,
					../include,
					../../liblbfgs/include,
					../..,
				);
				LIBRARY_SEARCH_PATHS = "$(MATLABROOT)/bin/maci64";
				MACH_O_TYPE = mh_bundle;
				OTHER_LDFLAGS = (
					"-lmx",
					"-lmex",
					"-lmat",
					"-llbfgs",
				);
				PRODUCT_NAME = "$(TARGET_NAME)";
				SYMROOT = "$(SRCROOT)/build/$(CONFIGURATION)";
				VALID_ARCHS = x86_64;
			};
			name = Release;
		};
/* End XCBuildConfiguration section */

/* Begin XCConfigurationList section */
		5CD9F7F4199E3BD100F7E6FB /* Build configuration list for PBXProject "mex" */ = {
			isa = XCConfigurationList;
			buildConfigurations = (
				5CD9F7FB199E3BD100F7E6FB /* Debug */,
				5CD9F7FC199E3BD100F7E6FB /* Release */,
			);
			defaultConfigurationIsVisible = 0;
			defaultConfigurationName = Debug;
		};
		5CD9F811199E3D1600F7E6FB /* Build configuration list for PBXNativeTarget "stminterface" */ = {
			isa = XCConfigurationList;
			buildConfigurations = (
				5CD9F812199E3D1600F7E6FB /* Debug */,
				5CD9F813199E3D1600F7E6FB /* Release */,
			);
			defaultConfigurationIsVisible = 0;
			defaultConfigurationName = Debug;
		};
/* End XCConfigurationList section */
	};
	rootObject = 5CD9F7F1199E3BD100F7E6FB /* Project object */;
}
